// !$*UTF8*$!
{
	archiveVersion = 1;
	classes = {
	};
	objectVersion = 50;
	objects = {

/* Begin PBXBuildFile section */
		A5A9CDE823A0FE860002A1EA /* AppDelegate.swift in Sources */ = {isa = PBXBuildFile; fileRef = A5A9CDE723A0FE860002A1EA /* AppDelegate.swift */; };
		A5A9CDEA23A0FE860002A1EA /* SceneDelegate.swift in Sources */ = {isa = PBXBuildFile; fileRef = A5A9CDE923A0FE860002A1EA /* SceneDelegate.swift */; };
		A5A9CDEC23A0FE860002A1EA /* ContentView.swift in Sources */ = {isa = PBXBuildFile; fileRef = A5A9CDEB23A0FE860002A1EA /* ContentView.swift */; };
		A5A9CDEE23A0FE870002A1EA /* Assets.xcassets in Resources */ = {isa = PBXBuildFile; fileRef = A5A9CDED23A0FE870002A1EA /* Assets.xcassets */; };
		A5A9CDF123A0FE870002A1EA /* Preview Assets.xcassets in Resources */ = {isa = PBXBuildFile; fileRef = A5A9CDF023A0FE870002A1EA /* Preview Assets.xcassets */; };
		A5A9CDF423A0FE870002A1EA /* LaunchScreen.storyboard in Resources */ = {isa = PBXBuildFile; fileRef = A5A9CDF223A0FE870002A1EA /* LaunchScreen.storyboard */; };
		A5A9CDFF23A0FE870002A1EA /* StringCalculatorTests.swift in Sources */ = {isa = PBXBuildFile; fileRef = A5A9CDFE23A0FE870002A1EA /* StringCalculatorTests.swift */; };
		A5A9CE0A23A0FE870002A1EA /* StringCalculatorUITests.swift in Sources */ = {isa = PBXBuildFile; fileRef = A5A9CE0923A0FE870002A1EA /* StringCalculatorUITests.swift */; };
/* End PBXBuildFile section */

/* Begin PBXContainerItemProxy section */
		A5A9CDFB23A0FE870002A1EA /* PBXContainerItemProxy */ = {
			isa = PBXContainerItemProxy;
			containerPortal = A5A9CDDC23A0FE850002A1EA /* Project object */;
			proxyType = 1;
			remoteGlobalIDString = A5A9CDE323A0FE850002A1EA;
			remoteInfo = StringCalculator;
		};
		A5A9CE0623A0FE870002A1EA /* PBXContainerItemProxy */ = {
			isa = PBXContainerItemProxy;
			containerPortal = A5A9CDDC23A0FE850002A1EA /* Project object */;
			proxyType = 1;
			remoteGlobalIDString = A5A9CDE323A0FE850002A1EA;
			remoteInfo = StringCalculator;
		};
/* End PBXContainerItemProxy section */

/* Begin PBXFileReference section */
		A5A9CDE423A0FE860002A1EA /* StringCalculator.app */ = {isa = PBXFileReference; explicitFileType = wrapper.application; includeInIndex = 0; path = StringCalculator.app; sourceTree = BUILT_PRODUCTS_DIR; };
		A5A9CDE723A0FE860002A1EA /* AppDelegate.swift */ = {isa = PBXFileReference; lastKnownFileType = sourcecode.swift; path = AppDelegate.swift; sourceTree = "<group>"; };
		A5A9CDE923A0FE860002A1EA /* SceneDelegate.swift */ = {isa = PBXFileReference; lastKnownFileType = sourcecode.swift; path = SceneDelegate.swift; sourceTree = "<group>"; };
		A5A9CDEB23A0FE860002A1EA /* ContentView.swift */ = {isa = PBXFileReference; lastKnownFileType = sourcecode.swift; path = ContentView.swift; sourceTree = "<group>"; };
		A5A9CDED23A0FE870002A1EA /* Assets.xcassets */ = {isa = PBXFileReference; lastKnownFileType = folder.assetcatalog; path = Assets.xcassets; sourceTree = "<group>"; };
		A5A9CDF023A0FE870002A1EA /* Preview Assets.xcassets */ = {isa = PBXFileReference; lastKnownFileType = folder.assetcatalog; path = "Preview Assets.xcassets"; sourceTree = "<group>"; };
		A5A9CDF323A0FE870002A1EA /* Base */ = {isa = PBXFileReference; lastKnownFileType = file.storyboard; name = Base; path = Base.lproj/LaunchScreen.storyboard; sourceTree = "<group>"; };
		A5A9CDF523A0FE870002A1EA /* Info.plist */ = {isa = PBXFileReference; lastKnownFileType = text.plist.xml; path = Info.plist; sourceTree = "<group>"; };
		A5A9CDFA23A0FE870002A1EA /* StringCalculatorTests.xctest */ = {isa = PBXFileReference; explicitFileType = wrapper.cfbundle; includeInIndex = 0; path = StringCalculatorTests.xctest; sourceTree = BUILT_PRODUCTS_DIR; };
		A5A9CDFE23A0FE870002A1EA /* StringCalculatorTests.swift */ = {isa = PBXFileReference; lastKnownFileType = sourcecode.swift; path = StringCalculatorTests.swift; sourceTree = "<group>"; };
		A5A9CE0023A0FE870002A1EA /* Info.plist */ = {isa = PBXFileReference; lastKnownFileType = text.plist.xml; path = Info.plist; sourceTree = "<group>"; };
		A5A9CE0523A0FE870002A1EA /* StringCalculatorUITests.xctest */ = {isa = PBXFileReference; explicitFileType = wrapper.cfbundle; includeInIndex = 0; path = StringCalculatorUITests.xctest; sourceTree = BUILT_PRODUCTS_DIR; };
		A5A9CE0923A0FE870002A1EA /* StringCalculatorUITests.swift */ = {isa = PBXFileReference; lastKnownFileType = sourcecode.swift; path = StringCalculatorUITests.swift; sourceTree = "<group>"; };
		A5A9CE0B23A0FE870002A1EA /* Info.plist */ = {isa = PBXFileReference; lastKnownFileType = text.plist.xml; path = Info.plist; sourceTree = "<group>"; };
/* End PBXFileReference section */

/* Begin PBXFrameworksBuildPhase section */
		A5A9CDE123A0FE850002A1EA /* Frameworks */ = {
			isa = PBXFrameworksBuildPhase;
			buildActionMask = 2147483647;
			files = (
			);
			runOnlyForDeploymentPostprocessing = 0;
		};
		A5A9CDF723A0FE870002A1EA /* Frameworks */ = {
			isa = PBXFrameworksBuildPhase;
			buildActionMask = 2147483647;
			files = (
			);
			runOnlyForDeploymentPostprocessing = 0;
		};
		A5A9CE0223A0FE870002A1EA /* Frameworks */ = {
			isa = PBXFrameworksBuildPhase;
			buildActionMask = 2147483647;
			files = (
			);
			runOnlyForDeploymentPostprocessing = 0;
		};
/* End PBXFrameworksBuildPhase section */

/* Begin PBXGroup section */
		A5A9CDDB23A0FE850002A1EA = {
			isa = PBXGroup;
			children = (
				A5A9CDE623A0FE860002A1EA /* StringCalculator */,
				A5A9CDFD23A0FE870002A1EA /* StringCalculatorTests */,
				A5A9CE0823A0FE870002A1EA /* StringCalculatorUITests */,
				A5A9CDE523A0FE860002A1EA /* Products */,
			);
			sourceTree = "<group>";
		};
		A5A9CDE523A0FE860002A1EA /* Products */ = {
			isa = PBXGroup;
			children = (
				A5A9CDE423A0FE860002A1EA /* StringCalculator.app */,
				A5A9CDFA23A0FE870002A1EA /* StringCalculatorTests.xctest */,
				A5A9CE0523A0FE870002A1EA /* StringCalculatorUITests.xctest */,
			);
			name = Products;
			sourceTree = "<group>";
		};
		A5A9CDE623A0FE860002A1EA /* StringCalculator */ = {
			isa = PBXGroup;
			children = (
				A5A9CDE723A0FE860002A1EA /* AppDelegate.swift */,
				A5A9CDE923A0FE860002A1EA /* SceneDelegate.swift */,
				A5A9CDEB23A0FE860002A1EA /* ContentView.swift */,
				A5A9CDED23A0FE870002A1EA /* Assets.xcassets */,
				A5A9CDF223A0FE870002A1EA /* LaunchScreen.storyboard */,
				A5A9CDF523A0FE870002A1EA /* Info.plist */,
				A5A9CDEF23A0FE870002A1EA /* Preview Content */,
			);
			path = StringCalculator;
			sourceTree = "<group>";
		};
		A5A9CDEF23A0FE870002A1EA /* Preview Content */ = {
			isa = PBXGroup;
			children = (
				A5A9CDF023A0FE870002A1EA /* Preview Assets.xcassets */,
			);
			path = "Preview Content";
			sourceTree = "<group>";
		};
		A5A9CDFD23A0FE870002A1EA /* StringCalculatorTests */ = {
			isa = PBXGroup;
			children = (
				A5A9CDFE23A0FE870002A1EA /* StringCalculatorTests.swift */,
				A5A9CE0023A0FE870002A1EA /* Info.plist */,
			);
			path = StringCalculatorTests;
			sourceTree = "<group>";
		};
		A5A9CE0823A0FE870002A1EA /* StringCalculatorUITests */ = {
			isa = PBXGroup;
			children = (
				A5A9CE0923A0FE870002A1EA /* StringCalculatorUITests.swift */,
				A5A9CE0B23A0FE870002A1EA /* Info.plist */,
			);
			path = StringCalculatorUITests;
			sourceTree = "<group>";
		};
/* End PBXGroup section */

/* Begin PBXNativeTarget section */
		A5A9CDE323A0FE850002A1EA /* StringCalculator */ = {
			isa = PBXNativeTarget;
			buildConfigurationList = A5A9CE0E23A0FE870002A1EA /* Build configuration list for PBXNativeTarget "StringCalculator" */;
			buildPhases = (
				A5A9CDE023A0FE850002A1EA /* Sources */,
				A5A9CDE123A0FE850002A1EA /* Frameworks */,
				A5A9CDE223A0FE850002A1EA /* Resources */,
			);
			buildRules = (
			);
			dependencies = (
			);
			name = StringCalculator;
			productName = StringCalculator;
			productReference = A5A9CDE423A0FE860002A1EA /* StringCalculator.app */;
			productType = "com.apple.product-type.application";
		};
		A5A9CDF923A0FE870002A1EA /* StringCalculatorTests */ = {
			isa = PBXNativeTarget;
			buildConfigurationList = A5A9CE1123A0FE870002A1EA /* Build configuration list for PBXNativeTarget "StringCalculatorTests" */;
			buildPhases = (
				A5A9CDF623A0FE870002A1EA /* Sources */,
				A5A9CDF723A0FE870002A1EA /* Frameworks */,
				A5A9CDF823A0FE870002A1EA /* Resources */,
			);
			buildRules = (
			);
			dependencies = (
				A5A9CDFC23A0FE870002A1EA /* PBXTargetDependency */,
			);
			name = StringCalculatorTests;
			productName = StringCalculatorTests;
			productReference = A5A9CDFA23A0FE870002A1EA /* StringCalculatorTests.xctest */;
			productType = "com.apple.product-type.bundle.unit-test";
		};
		A5A9CE0423A0FE870002A1EA /* StringCalculatorUITests */ = {
			isa = PBXNativeTarget;
			buildConfigurationList = A5A9CE1423A0FE870002A1EA /* Build configuration list for PBXNativeTarget "StringCalculatorUITests" */;
			buildPhases = (
				A5A9CE0123A0FE870002A1EA /* Sources */,
				A5A9CE0223A0FE870002A1EA /* Frameworks */,
				A5A9CE0323A0FE870002A1EA /* Resources */,
			);
			buildRules = (
			);
			dependencies = (
				A5A9CE0723A0FE870002A1EA /* PBXTargetDependency */,
			);
			name = StringCalculatorUITests;
			productName = StringCalculatorUITests;
			productReference = A5A9CE0523A0FE870002A1EA /* StringCalculatorUITests.xctest */;
			productType = "com.apple.product-type.bundle.ui-testing";
		};
/* End PBXNativeTarget section */

/* Begin PBXProject section */
		A5A9CDDC23A0FE850002A1EA /* Project object */ = {
			isa = PBXProject;
			attributes = {
				LastSwiftUpdateCheck = 1120;
				LastUpgradeCheck = 1120;
				ORGANIZATIONNAME = Mobgen;
				TargetAttributes = {
					A5A9CDE323A0FE850002A1EA = {
						CreatedOnToolsVersion = 11.2.1;
					};
					A5A9CDF923A0FE870002A1EA = {
						CreatedOnToolsVersion = 11.2.1;
						TestTargetID = A5A9CDE323A0FE850002A1EA;
					};
					A5A9CE0423A0FE870002A1EA = {
						CreatedOnToolsVersion = 11.2.1;
						TestTargetID = A5A9CDE323A0FE850002A1EA;
					};
				};
			};
			buildConfigurationList = A5A9CDDF23A0FE850002A1EA /* Build configuration list for PBXProject "StringCalculator" */;
			compatibilityVersion = "Xcode 9.3";
			developmentRegion = en;
			hasScannedForEncodings = 0;
			knownRegions = (
				en,
				Base,
			);
			mainGroup = A5A9CDDB23A0FE850002A1EA;
			productRefGroup = A5A9CDE523A0FE860002A1EA /* Products */;
			projectDirPath = "";
			projectRoot = "";
			targets = (
				A5A9CDE323A0FE850002A1EA /* StringCalculator */,
				A5A9CDF923A0FE870002A1EA /* StringCalculatorTests */,
				A5A9CE0423A0FE870002A1EA /* StringCalculatorUITests */,
			);
		};
/* End PBXProject section */

/* Begin PBXResourcesBuildPhase section */
		A5A9CDE223A0FE850002A1EA /* Resources */ = {
			isa = PBXResourcesBuildPhase;
			buildActionMask = 2147483647;
			files = (
				A5A9CDF423A0FE870002A1EA /* LaunchScreen.storyboard in Resources */,
				A5A9CDF123A0FE870002A1EA /* Preview Assets.xcassets in Resources */,
				A5A9CDEE23A0FE870002A1EA /* Assets.xcassets in Resources */,
			);
			runOnlyForDeploymentPostprocessing = 0;
		};
		A5A9CDF823A0FE870002A1EA /* Resources */ = {
			isa = PBXResourcesBuildPhase;
			buildActionMask = 2147483647;
			files = (
			);
			runOnlyForDeploymentPostprocessing = 0;
		};
		A5A9CE0323A0FE870002A1EA /* Resources */ = {
			isa = PBXResourcesBuildPhase;
			buildActionMask = 2147483647;
			files = (
			);
			runOnlyForDeploymentPostprocessing = 0;
		};
/* End PBXResourcesBuildPhase section */

/* Begin PBXSourcesBuildPhase section */
		A5A9CDE023A0FE850002A1EA /* Sources */ = {
			isa = PBXSourcesBuildPhase;
			buildActionMask = 2147483647;
			files = (
				A5A9CDE823A0FE860002A1EA /* AppDelegate.swift in Sources */,
				A5A9CDEA23A0FE860002A1EA /* SceneDelegate.swift in Sources */,
				A5A9CDEC23A0FE860002A1EA /* ContentView.swift in Sources */,
			);
			runOnlyForDeploymentPostprocessing = 0;
		};
		A5A9CDF623A0FE870002A1EA /* Sources */ = {
			isa = PBXSourcesBuildPhase;
			buildActionMask = 2147483647;
			files = (
				A5A9CDFF23A0FE870002A1EA /* StringCalculatorTests.swift in Sources */,
			);
			runOnlyForDeploymentPostprocessing = 0;
		};
		A5A9CE0123A0FE870002A1EA /* Sources */ = {
			isa = PBXSourcesBuildPhase;
			buildActionMask = 2147483647;
			files = (
				A5A9CE0A23A0FE870002A1EA /* StringCalculatorUITests.swift in Sources */,
			);
			runOnlyForDeploymentPostprocessing = 0;
		};
/* End PBXSourcesBuildPhase section */

/* Begin PBXTargetDependency section */
		A5A9CDFC23A0FE870002A1EA /* PBXTargetDependency */ = {
			isa = PBXTargetDependency;
			target = A5A9CDE323A0FE850002A1EA /* StringCalculator */;
			targetProxy = A5A9CDFB23A0FE870002A1EA /* PBXContainerItemProxy */;
		};
		A5A9CE0723A0FE870002A1EA /* PBXTargetDependency */ = {
			isa = PBXTargetDependency;
			target = A5A9CDE323A0FE850002A1EA /* StringCalculator */;
			targetProxy = A5A9CE0623A0FE870002A1EA /* PBXContainerItemProxy */;
		};
/* End PBXTargetDependency section */

/* Begin PBXVariantGroup section */
		A5A9CDF223A0FE870002A1EA /* LaunchScreen.storyboard */ = {
			isa = PBXVariantGroup;
			children = (
				A5A9CDF323A0FE870002A1EA /* Base */,
			);
			name = LaunchScreen.storyboard;
			sourceTree = "<group>";
		};
/* End PBXVariantGroup section */

/* Begin XCBuildConfiguration section */
		A5A9CE0C23A0FE870002A1EA /* Debug */ = {
			isa = XCBuildConfiguration;
			buildSettings = {
				ALWAYS_SEARCH_USER_PATHS = NO;
				CLANG_ANALYZER_NONNULL = YES;
				CLANG_ANALYZER_NUMBER_OBJECT_CONVERSION = YES_AGGRESSIVE;
				CLANG_CXX_LANGUAGE_STANDARD = "gnu++14";
				CLANG_CXX_LIBRARY = "libc++";
				CLANG_ENABLE_MODULES = YES;
				CLANG_ENABLE_OBJC_ARC = YES;
				CLANG_ENABLE_OBJC_WEAK = YES;
				CLANG_WARN_BLOCK_CAPTURE_AUTORELEASING = YES;
				CLANG_WARN_BOOL_CONVERSION = YES;
				CLANG_WARN_COMMA = YES;
				CLANG_WARN_CONSTANT_CONVERSION = YES;
				CLANG_WARN_DEPRECATED_OBJC_IMPLEMENTATIONS = YES;
				CLANG_WARN_DIRECT_OBJC_ISA_USAGE = YES_ERROR;
				CLANG_WARN_DOCUMENTATION_COMMENTS = YES;
				CLANG_WARN_EMPTY_BODY = YES;
				CLANG_WARN_ENUM_CONVERSION = YES;
				CLANG_WARN_INFINITE_RECURSION = YES;
				CLANG_WARN_INT_CONVERSION = YES;
				CLANG_WARN_NON_LITERAL_NULL_CONVERSION = YES;
				CLANG_WARN_OBJC_IMPLICIT_RETAIN_SELF = YES;
				CLANG_WARN_OBJC_LITERAL_CONVERSION = YES;
				CLANG_WARN_OBJC_ROOT_CLASS = YES_ERROR;
				CLANG_WARN_RANGE_LOOP_ANALYSIS = YES;
				CLANG_WARN_STRICT_PROTOTYPES = YES;
				CLANG_WARN_SUSPICIOUS_MOVE = YES;
				CLANG_WARN_UNGUARDED_AVAILABILITY = YES_AGGRESSIVE;
				CLANG_WARN_UNREACHABLE_CODE = YES;
				CLANG_WARN__DUPLICATE_METHOD_MATCH = YES;
				COPY_PHASE_STRIP = NO;
				DEBUG_INFORMATION_FORMAT = dwarf;
				ENABLE_STRICT_OBJC_MSGSEND = YES;
				ENABLE_TESTABILITY = YES;
				GCC_C_LANGUAGE_STANDARD = gnu11;
				GCC_DYNAMIC_NO_PIC = NO;
				GCC_NO_COMMON_BLOCKS = YES;
				GCC_OPTIMIZATION_LEVEL = 0;
				GCC_PREPROCESSOR_DEFINITIONS = (
					"DEBUG=1",
					"$(inherited)",
				);
				GCC_WARN_64_TO_32_BIT_CONVERSION = YES;
				GCC_WARN_ABOUT_RETURN_TYPE = YES_ERROR;
				GCC_WARN_UNDECLARED_SELECTOR = YES;
				GCC_WARN_UNINITIALIZED_AUTOS = YES_AGGRESSIVE;
				GCC_WARN_UNUSED_FUNCTION = YES;
				GCC_WARN_UNUSED_VARIABLE = YES;
				IPHONEOS_DEPLOYMENT_TARGET = 13.2;
				MTL_ENABLE_DEBUG_INFO = INCLUDE_SOURCE;
				MTL_FAST_MATH = YES;
				ONLY_ACTIVE_ARCH = YES;
				SDKROOT = iphoneos;
				SWIFT_ACTIVE_COMPILATION_CONDITIONS = DEBUG;
				SWIFT_OPTIMIZATION_LEVEL = "-Onone";
			};
			name = Debug;
		};
		A5A9CE0D23A0FE870002A1EA /* Release */ = {
			isa = XCBuildConfiguration;
			buildSettings = {
				ALWAYS_SEARCH_USER_PATHS = NO;
				CLANG_ANALYZER_NONNULL = YES;
				CLANG_ANALYZER_NUMBER_OBJECT_CONVERSION = YES_AGGRESSIVE;
				CLANG_CXX_LANGUAGE_STANDARD = "gnu++14";
				CLANG_CXX_LIBRARY = "libc++";
				CLANG_ENABLE_MODULES = YES;
				CLANG_ENABLE_OBJC_ARC = YES;
				CLANG_ENABLE_OBJC_WEAK = YES;
				CLANG_WARN_BLOCK_CAPTURE_AUTORELEASING = YES;
				CLANG_WARN_BOOL_CONVERSION = YES;
				CLANG_WARN_COMMA = YES;
				CLANG_WARN_CONSTANT_CONVERSION = YES;
				CLANG_WARN_DEPRECATED_OBJC_IMPLEMENTATIONS = YES;
				CLANG_WARN_DIRECT_OBJC_ISA_USAGE = YES_ERROR;
				CLANG_WARN_DOCUMENTATION_COMMENTS = YES;
				CLANG_WARN_EMPTY_BODY = YES;
				CLANG_WARN_ENUM_CONVERSION = YES;
				CLANG_WARN_INFINITE_RECURSION = YES;
				CLANG_WARN_INT_CONVERSION = YES;
				CLANG_WARN_NON_LITERAL_NULL_CONVERSION = YES;
				CLANG_WARN_OBJC_IMPLICIT_RETAIN_SELF = YES;
				CLANG_WARN_OBJC_LITERAL_CONVERSION = YES;
				CLANG_WARN_OBJC_ROOT_CLASS = YES_ERROR;
				CLANG_WARN_RANGE_LOOP_ANALYSIS = YES;
				CLANG_WARN_STRICT_PROTOTYPES = YES;
				CLANG_WARN_SUSPICIOUS_MOVE = YES;
				CLANG_WARN_UNGUARDED_AVAILABILITY = YES_AGGRESSIVE;
				CLANG_WARN_UNREACHABLE_CODE = YES;
				CLANG_WARN__DUPLICATE_METHOD_MATCH = YES;
				COPY_PHASE_STRIP = NO;
				DEBUG_INFORMATION_FORMAT = "dwarf-with-dsym";
				ENABLE_NS_ASSERTIONS = NO;
				ENABLE_STRICT_OBJC_MSGSEND = YES;
				GCC_C_LANGUAGE_STANDARD = gnu11;
				GCC_NO_COMMON_BLOCKS = YES;
				GCC_WARN_64_TO_32_BIT_CONVERSION = YES;
				GCC_WARN_ABOUT_RETURN_TYPE = YES_ERROR;
				GCC_WARN_UNDECLARED_SELECTOR = YES;
				GCC_WARN_UNINITIALIZED_AUTOS = YES_AGGRESSIVE;
				GCC_WARN_UNUSED_FUNCTION = YES;
				GCC_WARN_UNUSED_VARIABLE = YES;
				IPHONEOS_DEPLOYMENT_TARGET = 13.2;
				MTL_ENABLE_DEBUG_INFO = NO;
				MTL_FAST_MATH = YES;
				SDKROOT = iphoneos;
				SWIFT_COMPILATION_MODE = wholemodule;
				SWIFT_OPTIMIZATION_LEVEL = "-O";
				VALIDATE_PRODUCT = YES;
			};
			name = Release;
		};
		A5A9CE0F23A0FE870002A1EA /* Debug */ = {
			isa = XCBuildConfiguration;
			buildSettings = {
				ASSETCATALOG_COMPILER_APPICON_NAME = AppIcon;
				CODE_SIGN_STYLE = Automatic;
				DEVELOPMENT_ASSET_PATHS = "\"StringCalculator/Preview Content\"";
				DEVELOPMENT_TEAM = Z42YGK2VCA;
				ENABLE_PREVIEWS = YES;
				INFOPLIST_FILE = StringCalculator/Info.plist;
				LD_RUNPATH_SEARCH_PATHS = (
					"$(inherited)",
					"@executable_path/Frameworks",
				);
				PRODUCT_BUNDLE_IDENTIFIER = com.training.StringCalculator;
				PRODUCT_NAME = "$(TARGET_NAME)";
				SWIFT_VERSION = 5.0;
				TARGETED_DEVICE_FAMILY = "1,2";
			};
			name = Debug;
		};
		A5A9CE1023A0FE870002A1EA /* Release */ = {
			isa = XCBuildConfiguration;
			buildSettings = {
				ASSETCATALOG_COMPILER_APPICON_NAME = AppIcon;
				CODE_SIGN_STYLE = Automatic;
				DEVELOPMENT_ASSET_PATHS = "\"StringCalculator/Preview Content\"";
				DEVELOPMENT_TEAM = Z42YGK2VCA;
				ENABLE_PREVIEWS = YES;
				INFOPLIST_FILE = StringCalculator/Info.plist;
				LD_RUNPATH_SEARCH_PATHS = (
					"$(inherited)",
					"@executable_path/Frameworks",
				);
				PRODUCT_BUNDLE_IDENTIFIER = com.training.StringCalculator;
				PRODUCT_NAME = "$(TARGET_NAME)";
				SWIFT_VERSION = 5.0;
				TARGETED_DEVICE_FAMILY = "1,2";
			};
			name = Release;
		};
		A5A9CE1223A0FE870002A1EA /* Debug */ = {
			isa = XCBuildConfiguration;
			buildSettings = {
				ALWAYS_EMBED_SWIFT_STANDARD_LIBRARIES = YES;
				BUNDLE_LOADER = "$(TEST_HOST)";
				CODE_SIGN_STYLE = Automatic;
				DEVELOPMENT_TEAM = Z42YGK2VCA;
				INFOPLIST_FILE = StringCalculatorTests/Info.plist;
				IPHONEOS_DEPLOYMENT_TARGET = 13.2;
				LD_RUNPATH_SEARCH_PATHS = (
					"$(inherited)",
					"@executable_path/Frameworks",
					"@loader_path/Frameworks",
				);
				PRODUCT_BUNDLE_IDENTIFIER = com.training.StringCalculatorTests;
				PRODUCT_NAME = "$(TARGET_NAME)";
				SWIFT_VERSION = 5.0;
				TARGETED_DEVICE_FAMILY = "1,2";
				TEST_HOST = "$(BUILT_PRODUCTS_DIR)/StringCalculator.app/StringCalculator";
			};
			name = Debug;
		};
		A5A9CE1323A0FE870002A1EA /* Release */ = {
			isa = XCBuildConfiguration;
			buildSettings = {
				ALWAYS_EMBED_SWIFT_STANDARD_LIBRARIES = YES;
				BUNDLE_LOADER = "$(TEST_HOST)";
				CODE_SIGN_STYLE = Automatic;
				DEVELOPMENT_TEAM = Z42YGK2VCA;
				INFOPLIST_FILE = StringCalculatorTests/Info.plist;
				IPHONEOS_DEPLOYMENT_TARGET = 13.2;
				LD_RUNPATH_SEARCH_PATHS = (
					"$(inherited)",
					"@executable_path/Frameworks",
					"@loader_path/Frameworks",
				);
				PRODUCT_BUNDLE_IDENTIFIER = com.training.StringCalculatorTests;
				PRODUCT_NAME = "$(TARGET_NAME)";
				SWIFT_VERSION = 5.0;
				TARGETED_DEVICE_FAMILY = "1,2";
				TEST_HOST = "$(BUILT_PRODUCTS_DIR)/StringCalculator.app/StringCalculator";
			};
			name = Release;
		};
		A5A9CE1523A0FE870002A1EA /* Debug */ = {
			isa = XCBuildConfiguration;
			buildSettings = {
				ALWAYS_EMBED_SWIFT_STANDARD_LIBRARIES = YES;
				CODE_SIGN_STYLE = Automatic;
				DEVELOPMENT_TEAM = Z42YGK2VCA;
				INFOPLIST_FILE = StringCalculatorUITests/Info.plist;
				LD_RUNPATH_SEARCH_PATHS = (
					"$(inherited)",
					"@executable_path/Frameworks",
					"@loader_path/Frameworks",
				);
				PRODUCT_BUNDLE_IDENTIFIER = com.training.StringCalculatorUITests;
				PRODUCT_NAME = "$(TARGET_NAME)";
				SWIFT_VERSION = 5.0;
				TARGETED_DEVICE_FAMILY = "1,2";
				TEST_TARGET_NAME = StringCalculator;
			};
			name = Debug;
		};
		A5A9CE1623A0FE870002A1EA /* Release */ = {
			isa = XCBuildConfiguration;
			buildSettings = {
				ALWAYS_EMBED_SWIFT_STANDARD_LIBRARIES = YES;
				CODE_SIGN_STYLE = Automatic;
				DEVELOPMENT_TEAM = Z42YGK2VCA;
				INFOPLIST_FILE = StringCalculatorUITests/Info.plist;
				LD_RUNPATH_SEARCH_PATHS = (
					"$(inherited)",
					"@executable_path/Frameworks",
					"@loader_path/Frameworks",
				);
				PRODUCT_BUNDLE_IDENTIFIER = com.training.StringCalculatorUITests;
				PRODUCT_NAME = "$(TARGET_NAME)";
				SWIFT_VERSION = 5.0;
				TARGETED_DEVICE_FAMILY = "1,2";
				TEST_TARGET_NAME = StringCalculator;
			};
			name = Release;
		};
/* End XCBuildConfiguration section */

/* Begin XCConfigurationList section */
		A5A9CDDF23A0FE850002A1EA /* Build configuration list for PBXProject "StringCalculator" */ = {
			isa = XCConfigurationList;
			buildConfigurations = (
				A5A9CE0C23A0FE870002A1EA /* Debug */,
				A5A9CE0D23A0FE870002A1EA /* Release */,
			);
			defaultConfigurationIsVisible = 0;
			defaultConfigurationName = Release;
		};
		A5A9CE0E23A0FE870002A1EA /* Build configuration list for PBXNativeTarget "StringCalculator" */ = {
			isa = XCConfigurationList;
			buildConfigurations = (
				A5A9CE0F23A0FE870002A1EA /* Debug */,
				A5A9CE1023A0FE870002A1EA /* Release */,
			);
			defaultConfigurationIsVisible = 0;
			defaultConfigurationName = Release;
		};
		A5A9CE1123A0FE870002A1EA /* Build configuration list for PBXNativeTarget "StringCalculatorTests" */ = {
			isa = XCConfigurationList;
			buildConfigurations = (
				A5A9CE1223A0FE870002A1EA /* Debug */,
				A5A9CE1323A0FE870002A1EA /* Release */,
			);
			defaultConfigurationIsVisible = 0;
			defaultConfigurationName = Release;
		};
		A5A9CE1423A0FE870002A1EA /* Build configuration list for PBXNativeTarget "StringCalculatorUITests" */ = {
			isa = XCConfigurationList;
			buildConfigurations = (
				A5A9CE1523A0FE870002A1EA /* Debug */,
				A5A9CE1623A0FE870002A1EA /* Release */,
			);
			defaultConfigurationIsVisible = 0;
			defaultConfigurationName = Release;
		};
/* End XCConfigurationList section */
	};
	rootObject = A5A9CDDC23A0FE850002A1EA /* Project object */;
}
